
Microsoft Visual Studio Solution File, Format Version 12.00
# Visual Studio Version 18
VisualStudioVersion = 18.6.11723.189 insiders
MinimumVisualStudioVersion = 10.0.40219.1
Project("{FAE04EC0-301F-11D3-BF4B-00C04F79EFBC}") = "BoxBox", "BoxBox.csproj", "{C05822A5-BC6C-4736-00C8-8E60E6B5C8DF}"
EndProject
Global
	GlobalSection(SolutionConfigurationPlatforms) = preSolution
		Debug|Any CPU = Debug|Any CPU
		Release|Any CPU = Release|Any CPU
	EndGlobalSection
	GlobalSection(ProjectConfigurationPlatforms) = postSolution
		{C05822A5-BC6C-4736-00C8-8E60E6B5C8DF}.Debug|Any CPU.ActiveCfg = Debug|Any CPU
		{C05822A5-BC6C-4736-00C8-8E60E6B5C8DF}.Debug|Any CPU.Build.0 = Debug|Any CPU
		{C05822A5-BC6C-4736-00C8-8E60E6B5C8DF}.Release|Any CPU.ActiveCfg = Release|Any CPU
		{C05822A5-BC6C-4736-00C8-8E60E6B5C8DF}.Release|Any CPU.Build.0 = Release|Any CPU
	EndGlobalSection
	GlobalSection(SolutionProperties) = preSolution
		HideSolutionNode = FALSE
	EndGlobalSection
	GlobalSection(ExtensibilityGlobals) = postSolution
		SolutionGuid = {F69C4BE4-DE83-4876-B86B-8D941C90C5BF}
	EndGlobalSection
EndGlobal
